
Microsoft Visual Studio Solution File, Format Version 12.00
# Visual Studio 15
VisualStudioVersion = 15.0.28307.421
MinimumVisualStudioVersion = 10.0.40219.1
Project("{FAE04EC0-301F-11D3-BF4B-00C04F79EFBC}") = "Angular7CRUD_WebAPI-3", "Angular7CRUD_WebAPI-3\Angular7CRUD_WebAPI-3.csproj", "{21DE10E4-33ED-4E85-9F5F-E0B92101F9B8}"
EndProject
Global
	GlobalSection(SolutionConfigurationPlatforms) = preSolution
		Debug|Any CPU = Debug|Any CPU
		Release|Any CPU = Release|Any CPU
	EndGlobalSection
	GlobalSection(ProjectConfigurationPlatforms) = postSolution
		{21DE10E4-33ED-4E85-9F5F-E0B92101F9B8}.Debug|Any CPU.ActiveCfg = Debug|Any CPU
		{21DE10E4-33ED-4E85-9F5F-E0B92101F9B8}.Debug|Any CPU.Build.0 = Debug|Any CPU
		{21DE10E4-33ED-4E85-9F5F-E0B92101F9B8}.Release|Any CPU.ActiveCfg = Release|Any CPU
		{21DE10E4-33ED-4E85-9F5F-E0B92101F9B8}.Release|Any CPU.Build.0 = Release|Any CPU
	EndGlobalSection
	GlobalSection(SolutionProperties) = preSolution
		HideSolutionNode = FALSE
	EndGlobalSection
	GlobalSection(ExtensibilityGlobals) = postSolution
		SolutionGuid = {1444937B-9EE8-4E9E-9109-68435BF5DDC6}
	EndGlobalSection
EndGlobal
